
Microsoft Visual Studio Solution File, Format Version 12.00
# Visual Studio 2012
Project("{FAE04EC0-301F-11D3-BF4B-00C04F79EFBC}") = "Camera", "Camera\Camera.csproj", "{C831BF93-ED4F-4BAC-B7D1-AC15E1191DC0}"
EndProject
Global
	GlobalSection(SolutionConfigurationPlatforms) = preSolution
		Debug|Any CPU = Debug|Any CPU
		Release|Any CPU = Release|Any CPU
	EndGlobalSection
	GlobalSection(ProjectConfigurationPlatforms) = postSolution
		{C831BF93-ED4F-4BAC-B7D1-AC15E1191DC0}.Debug|Any CPU.ActiveCfg = Debug|Any CPU
		{C831BF93-ED4F-4BAC-B7D1-AC15E1191DC0}.Debug|Any CPU.Build.0 = Debug|Any CPU
		{C831BF93-ED4F-4BAC-B7D1-AC15E1191DC0}.Release|Any CPU.ActiveCfg = Release|Any CPU
		{C831BF93-ED4F-4BAC-B7D1-AC15E1191DC0}.Release|Any CPU.Build.0 = Release|Any CPU
	EndGlobalSection
EndGlobal
